
Microsoft Visual Studio Solution File, Format Version 12.00
# Visual Studio Version 17
VisualStudioVersion = 17.13.35931.197
MinimumVisualStudioVersion = 10.0.40219.1
Project("{FAE04EC0-301F-11D3-BF4B-00C04F79EFBC}") = "HrManagementSystem", "HrManagementSystem\HrManagementSystem.csproj", "{BC8B1302-4249-4109-8377-64753D2D0786}"
EndProject
Project("{FAE04EC0-301F-11D3-BF4B-00C04F79EFBC}") = "CrystalReportGeneratorApi", "CrystalReportGeneratorApi\CrystalReportGeneratorApi.csproj", "{4560FFB6-AB1F-4E59-BF8C-C78EEE9F8EB1}"
EndProject
Global
	GlobalSection(SolutionConfigurationPlatforms) = preSolution
		Debug|Any CPU = Debug|Any CPU
		Release|Any CPU = Release|Any CPU
	EndGlobalSection
	GlobalSection(ProjectConfigurationPlatforms) = postSolution
		{BC8B1302-4249-4109-8377-64753D2D0786}.Debug|Any CPU.ActiveCfg = Debug|Any CPU
		{BC8B1302-4249-4109-8377-64753D2D0786}.Debug|Any CPU.Build.0 = Debug|Any CPU
		{BC8B1302-4249-4109-8377-64753D2D0786}.Release|Any CPU.ActiveCfg = Release|Any CPU
		{BC8B1302-4249-4109-8377-64753D2D0786}.Release|Any CPU.Build.0 = Release|Any CPU
		{4560FFB6-AB1F-4E59-BF8C-C78EEE9F8EB1}.Debug|Any CPU.ActiveCfg = Debug|Any CPU
		{4560FFB6-AB1F-4E59-BF8C-C78EEE9F8EB1}.Debug|Any CPU.Build.0 = Debug|Any CPU
		{4560FFB6-AB1F-4E59-BF8C-C78EEE9F8EB1}.Release|Any CPU.ActiveCfg = Release|Any CPU
		{4560FFB6-AB1F-4E59-BF8C-C78EEE9F8EB1}.Release|Any CPU.Build.0 = Release|Any CPU
	EndGlobalSection
	GlobalSection(SolutionProperties) = preSolution
		HideSolutionNode = FALSE
	EndGlobalSection
	GlobalSection(ExtensibilityGlobals) = postSolution
		SolutionGuid = {5D07BE34-57CC-437B-BB7C-E2ED624BFCB7}
	EndGlobalSection
EndGlobal
